{
  "dependencies": {
    "abab": {
      "version": "1.0.4",
      "resolved": "https://registry.npmjs.org/abab/-/abab-1.0.4.tgz",
      "from": "abab@https://registry.npmjs.org/abab/-/abab-1.0.4.tgz"
    },
    "acorn": {
      "version": "2.7.0",
      "resolved": "https://registry.npmjs.org/acorn/-/acorn-2.7.0.tgz",
      "from": "acorn@https://registry.npmjs.org/acorn/-/acorn-2.7.0.tgz"
    },
    "acorn-globals": {
      "version": "1.0.9",
      "resolved": "https://registry.npmjs.org/acorn-globals/-/acorn-globals-1.0.9.tgz",
      "from": "acorn-globals@https://registry.npmjs.org/acorn-globals/-/acorn-globals-1.0.9.tgz"
    },
    "ajv": {
      "version": "5.3.0",
      "resolved": "https://registry.npmjs.org/ajv/-/ajv-5.3.0.tgz",
      "from": "ajv@https://registry.npmjs.org/ajv/-/ajv-5.3.0.tgz"
    },
    "asn1": {
      "version": "0.2.3",
      "resolved": "https://registry.npmjs.org/asn1/-/asn1-0.2.3.tgz",
      "from": "asn1@https://registry.npmjs.org/asn1/-/asn1-0.2.3.tgz"
    },
    "assert-plus": {
      "version": "1.0.0",
      "resolved": "https://registry.npmjs.org/assert-plus/-/assert-plus-1.0.0.tgz",
      "from": "assert-plus@https://registry.npmjs.org/assert-plus/-/assert-plus-1.0.0.tgz"
    },
    "asynckit": {
      "version": "0.4.0",
      "resolved": "https://registry.npmjs.org/asynckit/-/asynckit-0.4.0.tgz",
      "from": "asynckit@https://registry.npmjs.org/asynckit/-/asynckit-0.4.0.tgz"
    },
    "aws-sign2": {
      "version": "0.7.0",
      "resolved": "https://registry.npmjs.org/aws-sign2/-/aws-sign2-0.7.0.tgz",
      "from": "aws-sign2@https://registry.npmjs.org/aws-sign2/-/aws-sign2-0.7.0.tgz"
    },
    "aws4": {
      "version": "1.6.0",
      "resolved": "https://registry.npmjs.org/aws4/-/aws4-1.6.0.tgz",
      "from": "aws4@https://registry.npmjs.org/aws4/-/aws4-1.6.0.tgz"
    },
    "bcrypt-pbkdf": {
      "version": "1.0.1",
      "resolved": "https://registry.npmjs.org/bcrypt-pbkdf/-/bcrypt-pbkdf-1.0.1.tgz",
      "from": "bcrypt-pbkdf@https://registry.npmjs.org/bcrypt-pbkdf/-/bcrypt-pbkdf-1.0.1.tgz"
    },
    "boom": {
      "version": "4.3.1",
      "resolved": "https://registry.npmjs.org/boom/-/boom-4.3.1.tgz",
      "from": "boom@https://registry.npmjs.org/boom/-/boom-4.3.1.tgz"
    },
    "caseless": {
      "version": "0.12.0",
      "resolved": "https://registry.npmjs.org/caseless/-/caseless-0.12.0.tgz",
      "from": "caseless@https://registry.npmjs.org/caseless/-/caseless-0.12.0.tgz"
    },
    "cheerio": {
      "version": "0.20.0",
      "resolved": "https://registry.npmjs.org/cheerio/-/cheerio-0.20.0.tgz",
      "from": "cheerio@https://registry.npmjs.org/cheerio/-/cheerio-0.20.0.tgz",
      "dependencies": {
        "css-select": {
          "version": "1.2.0",
          "resolved": "https://registry.npmjs.org/css-select/-/css-select-1.2.0.tgz",
          "from": "css-select@https://registry.npmjs.org/css-select/-/css-select-1.2.0.tgz",
          "dependencies": {
            "boolbase": {
              "version": "1.0.0",
              "resolved": "https://registry.npmjs.org/boolbase/-/boolbase-1.0.0.tgz",
              "from": "boolbase@https://registry.npmjs.org/boolbase/-/boolbase-1.0.0.tgz"
            },
            "css-what": {
              "version": "2.1.0",
              "resolved": "https://registry.npmjs.org/css-what/-/css-what-2.1.0.tgz",
              "from": "css-what@https://registry.npmjs.org/css-what/-/css-what-2.1.0.tgz"
            },
            "domutils": {
              "version": "1.5.1",
              "resolved": "https://registry.npmjs.org/domutils/-/domutils-1.5.1.tgz",
              "from": "domutils@https://registry.npmjs.org/domutils/-/domutils-1.5.1.tgz",
              "dependencies": {
                "domelementtype": {
                  "version": "1.3.0",
                  "resolved": "https://registry.npmjs.org/domelementtype/-/domelementtype-1.3.0.tgz",
                  "from": "domelementtype@https://registry.npmjs.org/domelementtype/-/domelementtype-1.3.0.tgz"
                }
              }
            },
            "nth-check": {
              "version": "1.0.1",
              "resolved": "https://registry.npmjs.org/nth-check/-/nth-check-1.0.1.tgz",
              "from": "nth-check@https://registry.npmjs.org/nth-check/-/nth-check-1.0.1.tgz"
            }
          }
        },
        "dom-serializer": {
          "version": "0.1.0",
          "resolved": "https://registry.npmjs.org/dom-serializer/-/dom-serializer-0.1.0.tgz",
          "from": "dom-serializer@https://registry.npmjs.org/dom-serializer/-/dom-serializer-0.1.0.tgz",
          "dependencies": {
            "domelementtype": {
              "version": "1.1.3",
              "resolved": "https://registry.npmjs.org/domelementtype/-/domelementtype-1.1.3.tgz",
              "from": "domelementtype@https://registry.npmjs.org/domelementtype/-/domelementtype-1.1.3.tgz"
            }
          }
        },
        "entities": {
          "version": "1.1.1",
          "resolved": "https://registry.npmjs.org/entities/-/entities-1.1.1.tgz",
          "from": "entities@https://registry.npmjs.org/entities/-/entities-1.1.1.tgz"
        },
        "htmlparser2": {
          "version": "3.8.3",
          "resolved": "https://registry.npmjs.org/htmlparser2/-/htmlparser2-3.8.3.tgz",
          "from": "htmlparser2@https://registry.npmjs.org/htmlparser2/-/htmlparser2-3.8.3.tgz",
          "dependencies": {
            "domelementtype": {
              "version": "1.3.0",
              "resolved": "https://registry.npmjs.org/domelementtype/-/domelementtype-1.3.0.tgz",
              "from": "domelementtype@https://registry.npmjs.org/domelementtype/-/domelementtype-1.3.0.tgz"
            },
            "domhandler": {
              "version": "2.3.0",
              "resolved": "https://registry.npmjs.org/domhandler/-/domhandler-2.3.0.tgz",
              "from": "domhandler@https://registry.npmjs.org/domhandler/-/domhandler-2.3.0.tgz"
            },
            "domutils": {
              "version": "1.5.1",
              "resolved": "https://registry.npmjs.org/domutils/-/domutils-1.5.1.tgz",
              "from": "domutils@https://registry.npmjs.org/domutils/-/domutils-1.5.1.tgz"
            },
            "entities": {
              "version": "1.0.0",
              "resolved": "https://registry.npmjs.org/entities/-/entities-1.0.0.tgz",
              "from": "entities@https://registry.npmjs.org/entities/-/entities-1.0.0.tgz"
            },
            "readable-stream": {
              "version": "1.1.13",
              "resolved": "https://registry.npmjs.org/readable-stream/-/readable-stream-1.1.13.tgz",
              "from": "readable-stream@https://registry.npmjs.org/readable-stream/-/readable-stream-1.1.13.tgz",
              "dependencies": {
                "core-util-is": {
                  "version": "1.0.2",
                  "resolved": "https://registry.npmjs.org/core-util-is/-/core-util-is-1.0.2.tgz",
                  "from": "core-util-is@https://registry.npmjs.org/core-util-is/-/core-util-is-1.0.2.tgz"
                },
                "inherits": {
                  "version": "2.0.1",
                  "resolved": "https://registry.npmjs.org/inherits/-/inherits-2.0.1.tgz",
                  "from": "inherits@https://registry.npmjs.org/inherits/-/inherits-2.0.1.tgz"
                },
                "isarray": {
                  "version": "0.0.1",
                  "resolved": "https://registry.npmjs.org/isarray/-/isarray-0.0.1.tgz",
                  "from": "isarray@https://registry.npmjs.org/isarray/-/isarray-0.0.1.tgz"
                },
                "string_decoder": {
                  "version": "0.10.31",
                  "resolved": "https://registry.npmjs.org/string_decoder/-/string_decoder-0.10.31.tgz",
                  "from": "string_decoder@https://registry.npmjs.org/string_decoder/-/string_decoder-0.10.31.tgz"
                }
              }
            }
          }
        },
        "lodash": {
          "version": "4.6.1",
          "resolved": "https://registry.npmjs.org/lodash/-/lodash-4.6.1.tgz",
          "from": "lodash@https://registry.npmjs.org/lodash/-/lodash-4.6.1.tgz"
        }
      }
    },
    "co": {
      "version": "4.6.0",
      "resolved": "https://registry.npmjs.org/co/-/co-4.6.0.tgz",
      "from": "co@https://registry.npmjs.org/co/-/co-4.6.0.tgz"
    },
    "combined-stream": {
      "version": "1.0.5",
      "resolved": "https://registry.npmjs.org/combined-stream/-/combined-stream-1.0.5.tgz",
      "from": "combined-stream@https://registry.npmjs.org/combined-stream/-/combined-stream-1.0.5.tgz"
    },
    "core-util-is": {
      "version": "1.0.2",
      "resolved": "https://registry.npmjs.org/core-util-is/-/core-util-is-1.0.2.tgz",
      "from": "core-util-is@https://registry.npmjs.org/core-util-is/-/core-util-is-1.0.2.tgz"
    },
    "cryptiles": {
      "version": "3.1.2",
      "resolved": "https://registry.npmjs.org/cryptiles/-/cryptiles-3.1.2.tgz",
      "from": "cryptiles@https://registry.npmjs.org/cryptiles/-/cryptiles-3.1.2.tgz",
      "dependencies": {
        "boom": {
          "version": "5.2.0",
          "resolved": "https://registry.npmjs.org/boom/-/boom-5.2.0.tgz",
          "from": "boom@https://registry.npmjs.org/boom/-/boom-5.2.0.tgz"
        }
      }
    },
    "cssom": {
      "version": "0.3.2",
      "resolved": "https://registry.npmjs.org/cssom/-/cssom-0.3.2.tgz",
      "from": "cssom@https://registry.npmjs.org/cssom/-/cssom-0.3.2.tgz"
    },
    "cssstyle": {
      "version": "0.2.37",
      "resolved": "https://registry.npmjs.org/cssstyle/-/cssstyle-0.2.37.tgz",
      "from": "cssstyle@https://registry.npmjs.org/cssstyle/-/cssstyle-0.2.37.tgz"
    },
    "dashdash": {
      "version": "1.14.1",
      "resolved": "https://registry.npmjs.org/dashdash/-/dashdash-1.14.1.tgz",
      "from": "dashdash@https://registry.npmjs.org/dashdash/-/dashdash-1.14.1.tgz"
    },
    "deep-is": {
      "version": "0.1.3",
      "resolved": "https://registry.npmjs.org/deep-is/-/deep-is-0.1.3.tgz",
      "from": "deep-is@https://registry.npmjs.org/deep-is/-/deep-is-0.1.3.tgz"
    },
    "delayed-stream": {
      "version": "1.0.0",
      "resolved": "https://registry.npmjs.org/delayed-stream/-/delayed-stream-1.0.0.tgz",
      "from": "delayed-stream@https://registry.npmjs.org/delayed-stream/-/delayed-stream-1.0.0.tgz"
    },
    "ecc-jsbn": {
      "version": "0.1.1",
      "resolved": "https://registry.npmjs.org/ecc-jsbn/-/ecc-jsbn-0.1.1.tgz",
      "from": "ecc-jsbn@https://registry.npmjs.org/ecc-jsbn/-/ecc-jsbn-0.1.1.tgz"
    },
    "escodegen": {
      "version": "1.9.0",
      "resolved": "https://registry.npmjs.org/escodegen/-/escodegen-1.9.0.tgz",
      "from": "escodegen@https://registry.npmjs.org/escodegen/-/escodegen-1.9.0.tgz"
    },
    "esprima": {
      "version": "3.1.3",
      "resolved": "https://registry.npmjs.org/esprima/-/esprima-3.1.3.tgz",
      "from": "esprima@https://registry.npmjs.org/esprima/-/esprima-3.1.3.tgz"
    },
    "estraverse": {
      "version": "4.2.0",
      "resolved": "https://registry.npmjs.org/estraverse/-/estraverse-4.2.0.tgz",
      "from": "estraverse@https://registry.npmjs.org/estraverse/-/estraverse-4.2.0.tgz"
    },
    "esutils": {
      "version": "2.0.2",
      "resolved": "https://registry.npmjs.org/esutils/-/esutils-2.0.2.tgz",
      "from": "esutils@https://registry.npmjs.org/esutils/-/esutils-2.0.2.tgz"
    },
    "extend": {
      "version": "3.0.1",
      "resolved": "https://registry.npmjs.org/extend/-/extend-3.0.1.tgz",
      "from": "extend@https://registry.npmjs.org/extend/-/extend-3.0.1.tgz"
    },
    "extsprintf": {
      "version": "1.3.0",
      "resolved": "https://registry.npmjs.org/extsprintf/-/extsprintf-1.3.0.tgz",
      "from": "extsprintf@https://registry.npmjs.org/extsprintf/-/extsprintf-1.3.0.tgz"
    },
    "fast-deep-equal": {
      "version": "1.0.0",
      "resolved": "https://registry.npmjs.org/fast-deep-equal/-/fast-deep-equal-1.0.0.tgz",
      "from": "fast-deep-equal@https://registry.npmjs.org/fast-deep-equal/-/fast-deep-equal-1.0.0.tgz"
    },
    "fast-json-stable-stringify": {
      "version": "2.0.0",
      "resolved": "https://registry.npmjs.org/fast-json-stable-stringify/-/fast-json-stable-stringify-2.0.0.tgz",
      "from": "fast-json-stable-stringify@https://registry.npmjs.org/fast-json-stable-stringify/-/fast-json-stable-stringify-2.0.0.tgz"
    },
    "fast-levenshtein": {
      "version": "2.0.6",
      "resolved": "https://registry.npmjs.org/fast-levenshtein/-/fast-levenshtein-2.0.6.tgz",
      "from": "fast-levenshtein@https://registry.npmjs.org/fast-levenshtein/-/fast-levenshtein-2.0.6.tgz"
    },
    "forever-agent": {
      "version": "0.6.1",
      "resolved": "https://registry.npmjs.org/forever-agent/-/forever-agent-0.6.1.tgz",
      "from": "forever-agent@https://registry.npmjs.org/forever-agent/-/forever-agent-0.6.1.tgz"
    },
    "form-data": {
      "version": "2.3.1",
      "resolved": "https://registry.npmjs.org/form-data/-/form-data-2.3.1.tgz",
      "from": "form-data@https://registry.npmjs.org/form-data/-/form-data-2.3.1.tgz"
    },
    "getpass": {
      "version": "0.1.7",
      "resolved": "https://registry.npmjs.org/getpass/-/getpass-0.1.7.tgz",
      "from": "getpass@https://registry.npmjs.org/getpass/-/getpass-0.1.7.tgz"
    },
    "har-schema": {
      "version": "2.0.0",
      "resolved": "https://registry.npmjs.org/har-schema/-/har-schema-2.0.0.tgz",
      "from": "har-schema@https://registry.npmjs.org/har-schema/-/har-schema-2.0.0.tgz"
    },
    "har-validator": {
      "version": "5.0.3",
      "resolved": "https://registry.npmjs.org/har-validator/-/har-validator-5.0.3.tgz",
      "from": "har-validator@https://registry.npmjs.org/har-validator/-/har-validator-5.0.3.tgz"
    },
    "hawk": {
      "version": "6.0.2",
      "resolved": "https://registry.npmjs.org/hawk/-/hawk-6.0.2.tgz",
      "from": "hawk@https://registry.npmjs.org/hawk/-/hawk-6.0.2.tgz"
    },
    "hoek": {
      "version": "4.2.0",
      "resolved": "https://registry.npmjs.org/hoek/-/hoek-4.2.0.tgz",
      "from": "hoek@https://registry.npmjs.org/hoek/-/hoek-4.2.0.tgz"
    },
    "http-signature": {
      "version": "1.2.0",
      "resolved": "https://registry.npmjs.org/http-signature/-/http-signature-1.2.0.tgz",
      "from": "http-signature@https://registry.npmjs.org/http-signature/-/http-signature-1.2.0.tgz"
    },
    "is-typedarray": {
      "version": "1.0.0",
      "resolved": "https://registry.npmjs.org/is-typedarray/-/is-typedarray-1.0.0.tgz",
      "from": "is-typedarray@https://registry.npmjs.org/is-typedarray/-/is-typedarray-1.0.0.tgz"
    },
    "isstream": {
      "version": "0.1.2",
      "resolved": "https://registry.npmjs.org/isstream/-/isstream-0.1.2.tgz",
      "from": "isstream@https://registry.npmjs.org/isstream/-/isstream-0.1.2.tgz"
    },
    "jsbn": {
      "version": "0.1.1",
      "resolved": "https://registry.npmjs.org/jsbn/-/jsbn-0.1.1.tgz",
      "from": "jsbn@https://registry.npmjs.org/jsbn/-/jsbn-0.1.1.tgz"
    },
    "jsdom": {
      "version": "7.2.2",
      "resolved": "https://registry.npmjs.org/jsdom/-/jsdom-7.2.2.tgz",
      "from": "jsdom@https://registry.npmjs.org/jsdom/-/jsdom-7.2.2.tgz"
    },
    "json-schema": {
      "version": "0.2.3",
      "resolved": "https://registry.npmjs.org/json-schema/-/json-schema-0.2.3.tgz",
      "from": "json-schema@https://registry.npmjs.org/json-schema/-/json-schema-0.2.3.tgz"
    },
    "json-schema-traverse": {
      "version": "0.3.1",
      "resolved": "https://registry.npmjs.org/json-schema-traverse/-/json-schema-traverse-0.3.1.tgz",
      "from": "json-schema-traverse@https://registry.npmjs.org/json-schema-traverse/-/json-schema-traverse-0.3.1.tgz"
    },
    "json-stringify-safe": {
      "version": "5.0.1",
      "resolved": "https://registry.npmjs.org/json-stringify-safe/-/json-stringify-safe-5.0.1.tgz",
      "from": "json-stringify-safe@https://registry.npmjs.org/json-stringify-safe/-/json-stringify-safe-5.0.1.tgz"
    },
    "jsprim": {
      "version": "1.4.1",
      "resolved": "https://registry.npmjs.org/jsprim/-/jsprim-1.4.1.tgz",
      "from": "jsprim@https://registry.npmjs.org/jsprim/-/jsprim-1.4.1.tgz"
    },
    "levn": {
      "version": "0.3.0",
      "resolved": "https://registry.npmjs.org/levn/-/levn-0.3.0.tgz",
      "from": "levn@https://registry.npmjs.org/levn/-/levn-0.3.0.tgz"
    },
    "mime-db": {
      "version": "1.30.0",
      "resolved": "https://registry.npmjs.org/mime-db/-/mime-db-1.30.0.tgz",
      "from": "mime-db@https://registry.npmjs.org/mime-db/-/mime-db-1.30.0.tgz"
    },
    "mime-types": {
      "version": "2.1.17",
      "resolved": "https://registry.npmjs.org/mime-types/-/mime-types-2.1.17.tgz",
      "from": "mime-types@https://registry.npmjs.org/mime-types/-/mime-types-2.1.17.tgz"
    },
    "nwmatcher": {
      "version": "1.4.3",
      "resolved": "https://registry.npmjs.org/nwmatcher/-/nwmatcher-1.4.3.tgz",
      "from": "nwmatcher@https://registry.npmjs.org/nwmatcher/-/nwmatcher-1.4.3.tgz"
    },
    "oauth-sign": {
      "version": "0.8.2",
      "resolved": "https://registry.npmjs.org/oauth-sign/-/oauth-sign-0.8.2.tgz",
      "from": "oauth-sign@https://registry.npmjs.org/oauth-sign/-/oauth-sign-0.8.2.tgz"
    },
    "optionator": {
      "version": "0.8.2",
      "resolved": "https://registry.npmjs.org/optionator/-/optionator-0.8.2.tgz",
      "from": "optionator@https://registry.npmjs.org/optionator/-/optionator-0.8.2.tgz"
    },
    "parse5": {
      "version": "1.5.1",
      "resolved": "https://registry.npmjs.org/parse5/-/parse5-1.5.1.tgz",
      "from": "parse5@https://registry.npmjs.org/parse5/-/parse5-1.5.1.tgz"
    },
    "performance-now": {
      "version": "2.1.0",
      "resolved": "https://registry.npmjs.org/performance-now/-/performance-now-2.1.0.tgz",
      "from": "performance-now@https://registry.npmjs.org/performance-now/-/performance-now-2.1.0.tgz"
    },
    "prelude-ls": {
      "version": "1.1.2",
      "resolved": "https://registry.npmjs.org/prelude-ls/-/prelude-ls-1.1.2.tgz",
      "from": "prelude-ls@https://registry.npmjs.org/prelude-ls/-/prelude-ls-1.1.2.tgz"
    },
    "punycode": {
      "version": "1.4.1",
      "resolved": "https://registry.npmjs.org/punycode/-/punycode-1.4.1.tgz",
      "from": "punycode@https://registry.npmjs.org/punycode/-/punycode-1.4.1.tgz"
    },
    "qs": {
      "version": "6.5.1",
      "resolved": "https://registry.npmjs.org/qs/-/qs-6.5.1.tgz",
      "from": "qs@https://registry.npmjs.org/qs/-/qs-6.5.1.tgz"
    },
    "request": {
      "version": "2.83.0",
      "resolved": "https://registry.npmjs.org/request/-/request-2.83.0.tgz",
      "from": "request@https://registry.npmjs.org/request/-/request-2.83.0.tgz"
    },
    "safe-buffer": {
      "version": "5.1.1",
      "resolved": "https://registry.npmjs.org/safe-buffer/-/safe-buffer-5.1.1.tgz",
      "from": "safe-buffer@https://registry.npmjs.org/safe-buffer/-/safe-buffer-5.1.1.tgz"
    },
    "sax": {
      "version": "1.2.4",
      "resolved": "https://registry.npmjs.org/sax/-/sax-1.2.4.tgz",
      "from": "sax@https://registry.npmjs.org/sax/-/sax-1.2.4.tgz"
    },
    "sntp": {
      "version": "2.1.0",
      "resolved": "https://registry.npmjs.org/sntp/-/sntp-2.1.0.tgz",
      "from": "sntp@https://registry.npmjs.org/sntp/-/sntp-2.1.0.tgz"
    },
    "source-map": {
      "version": "0.5.7",
      "resolved": "https://registry.npmjs.org/source-map/-/source-map-0.5.7.tgz",
      "from": "source-map@https://registry.npmjs.org/source-map/-/source-map-0.5.7.tgz"
    },
    "sshpk": {
      "version": "1.13.1",
      "resolved": "https://registry.npmjs.org/sshpk/-/sshpk-1.13.1.tgz",
      "from": "sshpk@https://registry.npmjs.org/sshpk/-/sshpk-1.13.1.tgz"
    },
    "stringstream": {
      "version": "0.0.5",
      "resolved": "https://registry.npmjs.org/stringstream/-/stringstream-0.0.5.tgz",
      "from": "stringstream@https://registry.npmjs.org/stringstream/-/stringstream-0.0.5.tgz"
    },
    "symbol-tree": {
      "version": "3.2.2",
      "resolved": "https://registry.npmjs.org/symbol-tree/-/symbol-tree-3.2.2.tgz",
      "from": "symbol-tree@https://registry.npmjs.org/symbol-tree/-/symbol-tree-3.2.2.tgz"
    },
    "tough-cookie": {
      "version": "2.3.3",
      "resolved": "https://registry.npmjs.org/tough-cookie/-/tough-cookie-2.3.3.tgz",
      "from": "tough-cookie@https://registry.npmjs.org/tough-cookie/-/tough-cookie-2.3.3.tgz"
    },
    "tr46": {
      "version": "0.0.3",
      "resolved": "https://registry.npmjs.org/tr46/-/tr46-0.0.3.tgz",
      "from": "tr46@https://registry.npmjs.org/tr46/-/tr46-0.0.3.tgz"
    },
    "tunnel-agent": {
      "version": "0.6.0",
      "resolved": "https://registry.npmjs.org/tunnel-agent/-/tunnel-agent-0.6.0.tgz",
      "from": "tunnel-agent@https://registry.npmjs.org/tunnel-agent/-/tunnel-agent-0.6.0.tgz"
    },
    "tweetnacl": {
      "version": "0.14.5",
      "resolved": "https://registry.npmjs.org/tweetnacl/-/tweetnacl-0.14.5.tgz",
      "from": "tweetnacl@https://registry.npmjs.org/tweetnacl/-/tweetnacl-0.14.5.tgz"
    },
    "type-check": {
      "version": "0.3.2",
      "resolved": "https://registry.npmjs.org/type-check/-/type-check-0.3.2.tgz",
      "from": "type-check@https://registry.npmjs.org/type-check/-/type-check-0.3.2.tgz"
    },
    "uuid": {
      "version": "3.1.0",
      "resolved": "https://registry.npmjs.org/uuid/-/uuid-3.1.0.tgz",
      "from": "uuid@https://registry.npmjs.org/uuid/-/uuid-3.1.0.tgz"
    },
    "verror": {
      "version": "1.10.0",
      "resolved": "https://registry.npmjs.org/verror/-/verror-1.10.0.tgz",
      "from": "verror@https://registry.npmjs.org/verror/-/verror-1.10.0.tgz"
    },
    "webidl-conversions": {
      "version": "2.0.1",
      "resolved": "https://registry.npmjs.org/webidl-conversions/-/webidl-conversions-2.0.1.tgz",
      "from": "webidl-conversions@https://registry.npmjs.org/webidl-conversions/-/webidl-conversions-2.0.1.tgz"
    },
    "whatwg-url-compat": {
      "version": "0.6.5",
      "resolved": "https://registry.npmjs.org/whatwg-url-compat/-/whatwg-url-compat-0.6.5.tgz",
      "from": "whatwg-url-compat@https://registry.npmjs.org/whatwg-url-compat/-/whatwg-url-compat-0.6.5.tgz"
    },
    "wordwrap": {
      "version": "1.0.0",
      "resolved": "https://registry.npmjs.org/wordwrap/-/wordwrap-1.0.0.tgz",
      "from": "wordwrap@https://registry.npmjs.org/wordwrap/-/wordwrap-1.0.0.tgz"
    },
    "xml-name-validator": {
      "version": "2.0.1",
      "resolved": "https://registry.npmjs.org/xml-name-validator/-/xml-name-validator-2.0.1.tgz",
      "from": "xml-name-validator@https://registry.npmjs.org/xml-name-validator/-/xml-name-validator-2.0.1.tgz"
    }
  }
}
